{
  "name": "ant_project",
  "lockfileVersion": 3,
  "requires": true,
  "packages": {
    "": {
      "name": "ant_project",
      "dependencies": {
        "@fintoc/fintoc-js": "^1.1.2"
      },
      "devDependencies": {
        "prettier": "^3.7.4",
        "turbo": "^2.8.1",
        "typescript": "5.9.2"
      },
      "engines": {
        "node": ">=18"
      }
    },
    "node_modules/@fintoc/fintoc-js": {
      "version": "1.1.2",
      "resolved": "https://registry.npmjs.org/@fintoc/fintoc-js/-/fintoc-js-1.1.2.tgz",
      "integrity": "sha512-itF0aAf5qmAjPYOjjwtK3FZaPkc1jc2NN+ZDsBbq7P/ZKs9mC0XzKESVK1CXmhhzc5IUKBchqug+xliLlxMXHg==",
      "license": "MIT",
      "engines": {
        "node": ">=10"
      },
      "optionalDependencies": {
        "fsevents": "^2.3.2"
      }
    },
    "node_modules/fsevents": {
      "version": "2.3.3",
      "resolved": "https://registry.npmjs.org/fsevents/-/fsevents-2.3.3.tgz",
      "integrity": "sha512-5xoDfX+fL7faATnagmWPpbFtwh/R77WmMMqqHGS65C3vvB0YHrgF+B1YmZ3441tMj5n63k0212XNoJwzlhffQw==",
      "hasInstallScript": true,
      "license": "MIT",
      "optional": true,
      "os": [
        "darwin"
      ],
      "engines": {
        "node": "^8.16.0 || ^10.6.0 || >=11.0.0"
      }
    },
    "node_modules/prettier": {
      "version": "3.8.1",
      "resolved": "https://registry.npmjs.org/prettier/-/prettier-3.8.1.tgz",
      "integrity": "sha512-UOnG6LftzbdaHZcKoPFtOcCKztrQ57WkHDeRD9t/PTQtmT0NHSeWWepj6pS0z/N7+08BHFDQVUrfmfMRcZwbMg==",
      "dev": true,
      "license": "MIT",
      "bin": {
        "prettier": "bin/prettier.cjs"
      },
      "engines": {
        "node": ">=14"
      },
      "funding": {
        "url": "https://github.com/prettier/prettier?sponsor=1"
      }
    },
    "node_modules/turbo": {
      "version": "2.8.12",
      "resolved": "https://registry.npmjs.org/turbo/-/turbo-2.8.12.tgz",
      "integrity": "sha512-auUAMLmi0eJhxDhQrxzvuhfEbICnVt0CTiYQYY8WyRJ5nwCDZxD0JG8bCSxT4nusI2CwJzmZAay5BfF6LmK7Hw==",
      "dev": true,
      "license": "MIT",
      "bin": {
        "turbo": "bin/turbo"
      },
      "optionalDependencies": {
        "turbo-darwin-64": "2.8.12",
        "turbo-darwin-arm64": "2.8.12",
        "turbo-linux-64": "2.8.12",
        "turbo-linux-arm64": "2.8.12",
        "turbo-windows-64": "2.8.12",
        "turbo-windows-arm64": "2.8.12"
      }
    },
    "node_modules/turbo-darwin-64": {
      "version": "2.8.12",
      "resolved": "https://registry.npmjs.org/turbo-darwin-64/-/turbo-darwin-64-2.8.12.tgz",
      "integrity": "sha512-EiHJmW2MeQQx+21x8hjMHw/uPhXt9PIxvDrxzOtyVwrXzL0tQmsxtO4qHf2l7uA+K6PUJ4+TjY1MHZDuCvWXrw==",
      "cpu": [
        "x64"
      ],
      "dev": true,
      "license": "MIT",
      "optional": true,
      "os": [
        "darwin"
      ]
    },
    "node_modules/turbo-darwin-arm64": {
      "version": "2.8.12",
      "resolved": "https://registry.npmjs.org/turbo-darwin-arm64/-/turbo-darwin-arm64-2.8.12.tgz",
      "integrity": "sha512-cbqqGN0vd7ly2TeuaM8k9AK9u1CABO4kBA5KPSqovTiLL3sORccn/mZzJSbvQf0EsYRfU34MgW5FotfwW3kx8Q==",
      "cpu": [
        "arm64"
      ],
      "dev": true,
      "license": "MIT",
      "optional": true,
      "os": [
        "darwin"
      ]
    },
    "node_modules/turbo-linux-64": {
      "version": "2.8.12",
      "resolved": "https://registry.npmjs.org/turbo-linux-64/-/turbo-linux-64-2.8.12.tgz",
      "integrity": "sha512-jXKw9j4r4q6s0goSXuKI3aKbQK2qiNeP25lGGEnq018TM6SWRW1CCpPMxyG91aCKrub7wDm/K45sGNT4ZFBcFQ==",
      "cpu": [
        "x64"
      ],
      "dev": true,
      "license": "MIT",
      "optional": true,
      "os": [
        "linux"
      ]
    },
    "node_modules/turbo-linux-arm64": {
      "version": "2.8.12",
      "resolved": "https://registry.npmjs.org/turbo-linux-arm64/-/turbo-linux-arm64-2.8.12.tgz",
      "integrity": "sha512-BRJCMdyXjyBoL0GYpvj9d2WNfMHwc3tKmJG5ATn2Efvil9LsiOsd/93/NxDqW0jACtHFNVOPnd/CBwXRPiRbwA==",
      "cpu": [
        "arm64"
      ],
      "dev": true,
      "license": "MIT",
      "optional": true,
      "os": [
        "linux"
      ]
    },
    "node_modules/turbo-windows-64": {
      "version": "2.8.12",
      "resolved": "https://registry.npmjs.org/turbo-windows-64/-/turbo-windows-64-2.8.12.tgz",
      "integrity": "sha512-vyFOlpFFzQFkikvSVhVkESEfzIopgs2J7J1rYvtSwSHQ4zmHxkC95Q8Kjkus8gg+8X2mZyP1GS5jirmaypGiPw==",
      "cpu": [
        "x64"
      ],
      "dev": true,
      "license": "MIT",
      "optional": true,
      "os": [
        "win32"
      ]
    },
    "node_modules/turbo-windows-arm64": {
      "version": "2.8.12",
      "resolved": "https://registry.npmjs.org/turbo-windows-arm64/-/turbo-windows-arm64-2.8.12.tgz",
      "integrity": "sha512-9nRnlw5DF0LkJClkIws1evaIF36dmmMEO84J5Uj4oQ8C0QTHwlH7DNe5Kq2Jdmu8GXESCNDNuUYG8Cx6W/vm3g==",
      "cpu": [
        "arm64"
      ],
      "dev": true,
      "license": "MIT",
      "optional": true,
      "os": [
        "win32"
      ]
    },
    "node_modules/typescript": {
      "version": "5.9.2",
      "resolved": "https://registry.npmjs.org/typescript/-/typescript-5.9.2.tgz",
      "integrity": "sha512-CWBzXQrc/qOkhidw1OzBTQuYRbfyxDXJMVJ1XNwUHGROVmuaeiEm3OslpZ1RV96d7SKKjZKrSJu3+t/xlw3R9A==",
      "dev": true,
      "license": "Apache-2.0",
      "bin": {
        "tsc": "bin/tsc",
        "tsserver": "bin/tsserver"
      },
      "engines": {
        "node": ">=14.17"
      }
    }
  }
}
